
Microsoft Visual Studio Solution File, Format Version 12.00
# Visual Studio 15
VisualStudioVersion = 15.0.27703.2035
MinimumVisualStudioVersion = 10.0.40219.1
Project("{9A19103F-16F7-4668-BE54-9A1E7A4F7556}") = "Vostok.ClusterClient.Core", "Vostok.ClusterClient.Core\Vostok.ClusterClient.Core.csproj", "{4F8AF948-E32B-4A1D-A1B3-AAF4B4255CAE}"
EndProject
Project("{9A19103F-16F7-4668-BE54-9A1E7A4F7556}") = "Vostok.ClusterClient.Core.Tests", "Vostok.ClusterClient.Core.Tests\Vostok.ClusterClient.Core.Tests.csproj", "{E1FFB784-67A0-4479-8FD6-E317167C78C8}"
EndProject
Global
	GlobalSection(SolutionConfigurationPlatforms) = preSolution
		Debug|Any CPU = Debug|Any CPU
		NoTests|Any CPU = NoTests|Any CPU
		Release|Any CPU = Release|Any CPU
	EndGlobalSection
	GlobalSection(ProjectConfigurationPlatforms) = postSolution
		{4F8AF948-E32B-4A1D-A1B3-AAF4B4255CAE}.Debug|Any CPU.ActiveCfg = Debug|Any CPU
		{4F8AF948-E32B-4A1D-A1B3-AAF4B4255CAE}.Debug|Any CPU.Build.0 = Debug|Any CPU
		{4F8AF948-E32B-4A1D-A1B3-AAF4B4255CAE}.NoTests|Any CPU.ActiveCfg = Release|Any CPU
		{4F8AF948-E32B-4A1D-A1B3-AAF4B4255CAE}.NoTests|Any CPU.Build.0 = Release|Any CPU
		{4F8AF948-E32B-4A1D-A1B3-AAF4B4255CAE}.Release|Any CPU.ActiveCfg = Release|Any CPU
		{4F8AF948-E32B-4A1D-A1B3-AAF4B4255CAE}.Release|Any CPU.Build.0 = Release|Any CPU
		{E1FFB784-67A0-4479-8FD6-E317167C78C8}.Debug|Any CPU.ActiveCfg = Debug|Any CPU
		{E1FFB784-67A0-4479-8FD6-E317167C78C8}.Debug|Any CPU.Build.0 = Debug|Any CPU
		{E1FFB784-67A0-4479-8FD6-E317167C78C8}.NoTests|Any CPU.ActiveCfg = Release|Any CPU
		{E1FFB784-67A0-4479-8FD6-E317167C78C8}.Release|Any CPU.ActiveCfg = Release|Any CPU
		{E1FFB784-67A0-4479-8FD6-E317167C78C8}.Release|Any CPU.Build.0 = Release|Any CPU
	EndGlobalSection
	GlobalSection(SolutionProperties) = preSolution
		HideSolutionNode = FALSE
	EndGlobalSection
	GlobalSection(ExtensibilityGlobals) = postSolution
		SolutionGuid = {B98E4EA5-D032-453F-B167-D9D504284958}
	EndGlobalSection
EndGlobal
